{"filter":false,"title":"Gemfile.lock","tooltip":"/rails_app/Gemfile.lock","undoManager":{"mark":-1,"position":-1,"stack":[]},"ace":{"folds":[],"scrolltop":2858,"scrollleft":0,"selection":{"start":{"row":204,"column":4},"end":{"row":204,"column":9},"isBackwards":false},"options":{"guessTabSize":true,"useWrapMode":false,"wrapToView":true},"firstLineState":{"row":203,"state":"start","mode":"ace/mode/text"}},"timestamp":1650826556374,"hash":"f3026f513ebebf4c8eb8722712d010769ea892d9"}